
Microsoft Visual Studio Solution File, Format Version 12.00
# Visual Studio 15
VisualStudioVersion = 15.0.28307.168
MinimumVisualStudioVersion = 10.0.40219.1
Project("{9A19103F-16F7-4668-BE54-9A1E7A4F7556}") = "Assignment_2_Golf", "Assignment_2_Golf\Assignment_2_Golf.csproj", "{6566D71B-6050-4F2F-A212-FC63951EB7AF}"
EndProject
Project("{FAE04EC0-301F-11D3-BF4B-00C04F79EFBC}") = "Assignment_2_Golf_Test", "Assignment_2_Golf_Test\Assignment_2_Golf_Test.csproj", "{3D743323-3BDB-4052-8774-AC395E14DE03}"
EndProject
Global
	GlobalSection(SolutionConfigurationPlatforms) = preSolution
		Debug|Any CPU = Debug|Any CPU
		Release|Any CPU = Release|Any CPU
	EndGlobalSection
	GlobalSection(ProjectConfigurationPlatforms) = postSolution
		{6566D71B-6050-4F2F-A212-FC63951EB7AF}.Debug|Any CPU.ActiveCfg = Debug|Any CPU
		{6566D71B-6050-4F2F-A212-FC63951EB7AF}.Debug|Any CPU.Build.0 = Debug|Any CPU
		{6566D71B-6050-4F2F-A212-FC63951EB7AF}.Release|Any CPU.ActiveCfg = Release|Any CPU
		{6566D71B-6050-4F2F-A212-FC63951EB7AF}.Release|Any CPU.Build.0 = Release|Any CPU
		{3D743323-3BDB-4052-8774-AC395E14DE03}.Debug|Any CPU.ActiveCfg = Debug|Any CPU
		{3D743323-3BDB-4052-8774-AC395E14DE03}.Debug|Any CPU.Build.0 = Debug|Any CPU
		{3D743323-3BDB-4052-8774-AC395E14DE03}.Release|Any CPU.ActiveCfg = Release|Any CPU
		{3D743323-3BDB-4052-8774-AC395E14DE03}.Release|Any CPU.Build.0 = Release|Any CPU
	EndGlobalSection
	GlobalSection(SolutionProperties) = preSolution
		HideSolutionNode = FALSE
	EndGlobalSection
	GlobalSection(ExtensibilityGlobals) = postSolution
		SolutionGuid = {AA10E597-7CF5-45EA-A6D0-C2B0AC11A737}
	EndGlobalSection
EndGlobal
